
Microsoft Visual Studio Solution File, Format Version 12.00
# Visual Studio Version 17
VisualStudioVersion = 17.5.002.0
MinimumVisualStudioVersion = 10.0.40219.1
Project("{9A19103F-16F7-4668-BE54-9A1E7A4F7556}") = "Algorithm", "Algorithm.csproj", "{25AF61CE-3C64-44FD-8422-0E428059943A}"
EndProject
Global
	GlobalSection(SolutionConfigurationPlatforms) = preSolution
		Debug|Any CPU = Debug|Any CPU
		Release|Any CPU = Release|Any CPU
	EndGlobalSection
	GlobalSection(ProjectConfigurationPlatforms) = postSolution
		{25AF61CE-3C64-44FD-8422-0E428059943A}.Debug|Any CPU.ActiveCfg = Debug|Any CPU
		{25AF61CE-3C64-44FD-8422-0E428059943A}.Debug|Any CPU.Build.0 = Debug|Any CPU
		{25AF61CE-3C64-44FD-8422-0E428059943A}.Release|Any CPU.ActiveCfg = Release|Any CPU
		{25AF61CE-3C64-44FD-8422-0E428059943A}.Release|Any CPU.Build.0 = Release|Any CPU
	EndGlobalSection
	GlobalSection(SolutionProperties) = preSolution
		HideSolutionNode = FALSE
	EndGlobalSection
	GlobalSection(ExtensibilityGlobals) = postSolution
		SolutionGuid = {5EA3AF99-64FD-4885-95EA-7337B416A47C}
	EndGlobalSection
EndGlobal
